
Microsoft Visual Studio Solution File, Format Version 12.00
# Visual Studio Version 16
VisualStudioVersion = 16.0.30309.148
MinimumVisualStudioVersion = 10.0.40219.1
Project("{9A19103F-16F7-4668-BE54-9A1E7A4F7556}") = "SampleApp.Api", "SampleApp.Api\SampleApp.Api.csproj", "{351DA03D-36EB-4FF0-B4B0-9CF0BD572E56}"
EndProject
Project("{9A19103F-16F7-4668-BE54-9A1E7A4F7556}") = "SampleApp.Application", "SampleApp.Application\SampleApp.Application.csproj", "{D5F39615-A23C-401B-9508-59F535FE1EA7}"
EndProject
Project("{9A19103F-16F7-4668-BE54-9A1E7A4F7556}") = "SampleApp.Infrastructure", "SampleApp.Infrastructure\SampleApp.Infrastructure.csproj", "{C22A2665-FAC8-4641-BF13-C290B0F2BEEE}"
EndProject
Project("{9A19103F-16F7-4668-BE54-9A1E7A4F7556}") = "SampleApp.Application.Contracts", "SampleApp.Application.Contracts\SampleApp.Application.Contracts.csproj", "{89FF4874-0A1E-438E-A80C-072984432C15}"
EndProject
Project("{9A19103F-16F7-4668-BE54-9A1E7A4F7556}") = "SampleApp.Domain.Entities", "SampleApp.Domain.Entities\SampleApp.Domain.Entities.csproj", "{DA944F8F-CDDF-415A-9900-1D033D335472}"
EndProject
Project("{2150E333-8FDC-42A3-9474-1A3956D46DE8}") = "Solution Items", "Solution Items", "{72A43652-2C70-4B47-A306-7EF8E74668A6}"
	ProjectSection(SolutionItems) = preProject
		codecoverage.runsettings = codecoverage.runsettings
		Nuget.config = Nuget.config
		README.md = README.md
	EndProjectSection
EndProject
Project("{FAE04EC0-301F-11D3-BF4B-00C04F79EFBC}") = "SampleApp.Infrastructure.Contracts", "SampleApp.Infrastructure.Contracts\SampleApp.Infrastructure.Contracts.csproj", "{18D504D5-09EA-4420-8E0B-DB170310F347}"
EndProject
Project("{2150E333-8FDC-42A3-9474-1A3956D46DE8}") = "1 - Layers", "1 - Layers", "{4BFB2DB0-25CB-49ED-92CC-3C6600733097}"
EndProject
Project("{2150E333-8FDC-42A3-9474-1A3956D46DE8}") = "1.1 - Api", "1.1 - Api", "{409A5321-2A16-4CC1-AFBD-7B158AFFB905}"
EndProject
Project("{2150E333-8FDC-42A3-9474-1A3956D46DE8}") = "1.2 - Application", "1.2 - Application", "{BCEAFC68-DF60-4D5C-8C59-3DCA7970F352}"
EndProject
Project("{2150E333-8FDC-42A3-9474-1A3956D46DE8}") = "1.3 - Domain", "1.3 - Domain", "{79AB7B32-DFC7-4054-8F41-AC25373B36B0}"
EndProject
Project("{2150E333-8FDC-42A3-9474-1A3956D46DE8}") = "1.4 - Infrastructure", "1.4 - Infrastructure", "{DC935F4E-DDF1-436D-AFBC-9B322125C216}"
EndProject
Global
	GlobalSection(SolutionConfigurationPlatforms) = preSolution
		Debug|Any CPU = Debug|Any CPU
		Release|Any CPU = Release|Any CPU
	EndGlobalSection
	GlobalSection(ProjectConfigurationPlatforms) = postSolution
		{351DA03D-36EB-4FF0-B4B0-9CF0BD572E56}.Debug|Any CPU.ActiveCfg = Debug|Any CPU
		{351DA03D-36EB-4FF0-B4B0-9CF0BD572E56}.Debug|Any CPU.Build.0 = Debug|Any CPU
		{351DA03D-36EB-4FF0-B4B0-9CF0BD572E56}.Release|Any CPU.ActiveCfg = Release|Any CPU
		{351DA03D-36EB-4FF0-B4B0-9CF0BD572E56}.Release|Any CPU.Build.0 = Release|Any CPU
		{D5F39615-A23C-401B-9508-59F535FE1EA7}.Debug|Any CPU.ActiveCfg = Debug|Any CPU
		{D5F39615-A23C-401B-9508-59F535FE1EA7}.Debug|Any CPU.Build.0 = Debug|Any CPU
		{D5F39615-A23C-401B-9508-59F535FE1EA7}.Release|Any CPU.ActiveCfg = Release|Any CPU
		{D5F39615-A23C-401B-9508-59F535FE1EA7}.Release|Any CPU.Build.0 = Release|Any CPU
		{C22A2665-FAC8-4641-BF13-C290B0F2BEEE}.Debug|Any CPU.ActiveCfg = Debug|Any CPU
		{C22A2665-FAC8-4641-BF13-C290B0F2BEEE}.Debug|Any CPU.Build.0 = Debug|Any CPU
		{C22A2665-FAC8-4641-BF13-C290B0F2BEEE}.Release|Any CPU.ActiveCfg = Release|Any CPU
		{C22A2665-FAC8-4641-BF13-C290B0F2BEEE}.Release|Any CPU.Build.0 = Release|Any CPU
		{89FF4874-0A1E-438E-A80C-072984432C15}.Debug|Any CPU.ActiveCfg = Debug|Any CPU
		{89FF4874-0A1E-438E-A80C-072984432C15}.Debug|Any CPU.Build.0 = Debug|Any CPU
		{89FF4874-0A1E-438E-A80C-072984432C15}.Release|Any CPU.ActiveCfg = Release|Any CPU
		{89FF4874-0A1E-438E-A80C-072984432C15}.Release|Any CPU.Build.0 = Release|Any CPU
		{DA944F8F-CDDF-415A-9900-1D033D335472}.Debug|Any CPU.ActiveCfg = Debug|Any CPU
		{DA944F8F-CDDF-415A-9900-1D033D335472}.Debug|Any CPU.Build.0 = Debug|Any CPU
		{DA944F8F-CDDF-415A-9900-1D033D335472}.Release|Any CPU.ActiveCfg = Release|Any CPU
		{DA944F8F-CDDF-415A-9900-1D033D335472}.Release|Any CPU.Build.0 = Release|Any CPU
		{18D504D5-09EA-4420-8E0B-DB170310F347}.Debug|Any CPU.ActiveCfg = Debug|Any CPU
		{18D504D5-09EA-4420-8E0B-DB170310F347}.Debug|Any CPU.Build.0 = Debug|Any CPU
		{18D504D5-09EA-4420-8E0B-DB170310F347}.Release|Any CPU.ActiveCfg = Release|Any CPU
		{18D504D5-09EA-4420-8E0B-DB170310F347}.Release|Any CPU.Build.0 = Release|Any CPU
	EndGlobalSection
	GlobalSection(SolutionProperties) = preSolution
		HideSolutionNode = FALSE
	EndGlobalSection
	GlobalSection(NestedProjects) = preSolution
		{351DA03D-36EB-4FF0-B4B0-9CF0BD572E56} = {409A5321-2A16-4CC1-AFBD-7B158AFFB905}
		{D5F39615-A23C-401B-9508-59F535FE1EA7} = {BCEAFC68-DF60-4D5C-8C59-3DCA7970F352}
		{C22A2665-FAC8-4641-BF13-C290B0F2BEEE} = {DC935F4E-DDF1-436D-AFBC-9B322125C216}
		{89FF4874-0A1E-438E-A80C-072984432C15} = {BCEAFC68-DF60-4D5C-8C59-3DCA7970F352}
		{DA944F8F-CDDF-415A-9900-1D033D335472} = {79AB7B32-DFC7-4054-8F41-AC25373B36B0}
		{18D504D5-09EA-4420-8E0B-DB170310F347} = {DC935F4E-DDF1-436D-AFBC-9B322125C216}
		{409A5321-2A16-4CC1-AFBD-7B158AFFB905} = {4BFB2DB0-25CB-49ED-92CC-3C6600733097}
		{BCEAFC68-DF60-4D5C-8C59-3DCA7970F352} = {4BFB2DB0-25CB-49ED-92CC-3C6600733097}
		{79AB7B32-DFC7-4054-8F41-AC25373B36B0} = {4BFB2DB0-25CB-49ED-92CC-3C6600733097}
	EndGlobalSection
	GlobalSection(ExtensibilityGlobals) = postSolution
		SolutionGuid = {482A42DC-84A8-4C75-BFDE-62A2E56A8A6D}
	EndGlobalSection
EndGlobal
